
Microsoft Visual Studio Solution File, Format Version 12.00
# Visual Studio Version 16
VisualStudioVersion = 16.0.31313.79
MinimumVisualStudioVersion = 10.0.40219.1
Project("{FAE04EC0-301F-11D3-BF4B-00C04F79EFBC}") = "Hash-Table", "Hash-Table.csproj", "{0BB88FD7-D212-4424-BAFD-61D631028CA5}"
EndProject
Global
	GlobalSection(SolutionConfigurationPlatforms) = preSolution
		Debug|Any CPU = Debug|Any CPU
		Release|Any CPU = Release|Any CPU
	EndGlobalSection
	GlobalSection(ProjectConfigurationPlatforms) = postSolution
		{0BB88FD7-D212-4424-BAFD-61D631028CA5}.Debug|Any CPU.ActiveCfg = Debug|Any CPU
		{0BB88FD7-D212-4424-BAFD-61D631028CA5}.Debug|Any CPU.Build.0 = Debug|Any CPU
		{0BB88FD7-D212-4424-BAFD-61D631028CA5}.Release|Any CPU.ActiveCfg = Release|Any CPU
		{0BB88FD7-D212-4424-BAFD-61D631028CA5}.Release|Any CPU.Build.0 = Release|Any CPU
	EndGlobalSection
	GlobalSection(SolutionProperties) = preSolution
		HideSolutionNode = FALSE
	EndGlobalSection
	GlobalSection(ExtensibilityGlobals) = postSolution
		SolutionGuid = {9914FBC3-6C2E-474B-AF0B-7978CB9A0A15}
	EndGlobalSection
EndGlobal
